
Microsoft Visual Studio Solution File, Format Version 12.00
# Visual Studio Version 17
VisualStudioVersion = 17.2.32630.192
MinimumVisualStudioVersion = 10.0.40219.1
Project("{FAE04EC0-301F-11D3-BF4B-00C04F79EFBC}") = "WebAppMinimalApi", "WebAppMinimalApi\WebAppMinimalApi.csproj", "{0FDFAC20-2CB6-4138-A01C-E9F52D17D342}"
EndProject
Global
	GlobalSection(SolutionConfigurationPlatforms) = preSolution
		Debug|Any CPU = Debug|Any CPU
		Release|Any CPU = Release|Any CPU
	EndGlobalSection
	GlobalSection(ProjectConfigurationPlatforms) = postSolution
		{0FDFAC20-2CB6-4138-A01C-E9F52D17D342}.Debug|Any CPU.ActiveCfg = Debug|Any CPU
		{0FDFAC20-2CB6-4138-A01C-E9F52D17D342}.Debug|Any CPU.Build.0 = Debug|Any CPU
		{0FDFAC20-2CB6-4138-A01C-E9F52D17D342}.Release|Any CPU.ActiveCfg = Release|Any CPU
		{0FDFAC20-2CB6-4138-A01C-E9F52D17D342}.Release|Any CPU.Build.0 = Release|Any CPU
	EndGlobalSection
	GlobalSection(SolutionProperties) = preSolution
		HideSolutionNode = FALSE
	EndGlobalSection
	GlobalSection(ExtensibilityGlobals) = postSolution
		SolutionGuid = {B2BE0D25-D125-415D-BD06-29F03ED528D9}
	EndGlobalSection
EndGlobal
